
Microsoft Visual Studio Solution File, Format Version 12.00
# Visual Studio Version 17
VisualStudioVersion = 17.14.36301.6
MinimumVisualStudioVersion = 10.0.40219.1
Project("{FAE04EC0-301F-11D3-BF4B-00C04F79EFBC}") = "showSimulinkVer", "showSimulinkVer\showSimulinkVer.csproj", "{AE938ABD-42F1-43F8-875B-28A633C5F204}"
EndProject
Project("{54435603-DBB4-11D2-8724-00A0C9A8B90C}") = "Installer", "Installer\Installer.vdproj", "{52B20422-474D-5734-629F-99A1F7DE9787}"
EndProject
Global
	GlobalSection(SolutionConfigurationPlatforms) = preSolution
		Debug|Any CPU = Debug|Any CPU
		Release|Any CPU = Release|Any CPU
	EndGlobalSection
	GlobalSection(ProjectConfigurationPlatforms) = postSolution
		{AE938ABD-42F1-43F8-875B-28A633C5F204}.Debug|Any CPU.ActiveCfg = Debug|Any CPU
		{AE938ABD-42F1-43F8-875B-28A633C5F204}.Debug|Any CPU.Build.0 = Debug|Any CPU
		{AE938ABD-42F1-43F8-875B-28A633C5F204}.Release|Any CPU.ActiveCfg = Release|Any CPU
		{AE938ABD-42F1-43F8-875B-28A633C5F204}.Release|Any CPU.Build.0 = Release|Any CPU
		{52B20422-474D-5734-629F-99A1F7DE9787}.Debug|Any CPU.ActiveCfg = Debug
		{52B20422-474D-5734-629F-99A1F7DE9787}.Release|Any CPU.ActiveCfg = Release
	EndGlobalSection
	GlobalSection(SolutionProperties) = preSolution
		HideSolutionNode = FALSE
	EndGlobalSection
	GlobalSection(ExtensibilityGlobals) = postSolution
		SolutionGuid = {7E942427-272A-4862-BABB-C5E4F4D5923F}
	EndGlobalSection
EndGlobal
